// !$*UTF8*$!
{
	archiveVersion = 1;
	classes = {
	};
	objectVersion = 50;
	objects = {

/* Begin PBXBuildFile section */
		1820588025411682004DD32B /* MyPlaygroundApp.swift in Sources */ = {isa = PBXBuildFile; fileRef = 1820587F25411682004DD32B /* MyPlaygroundApp.swift */; };
		1820588225411682004DD32B /* ContentView.swift in Sources */ = {isa = PBXBuildFile; fileRef = 1820588125411682004DD32B /* ContentView.swift */; };
		1820588425411683004DD32B /* Assets.xcassets in Resources */ = {isa = PBXBuildFile; fileRef = 1820588325411683004DD32B /* Assets.xcassets */; };
		1820588725411683004DD32B /* Preview Assets.xcassets in Resources */ = {isa = PBXBuildFile; fileRef = 1820588625411683004DD32B /* Preview Assets.xcassets */; };
		1820589225411683004DD32B /* MyPlaygroundTests.swift in Sources */ = {isa = PBXBuildFile; fileRef = 1820589125411683004DD32B /* MyPlaygroundTests.swift */; };
		1820589D25411683004DD32B /* MyPlaygroundUITests.swift in Sources */ = {isa = PBXBuildFile; fileRef = 1820589C25411683004DD32B /* MyPlaygroundUITests.swift */; };
/* End PBXBuildFile section */

/* Begin PBXContainerItemProxy section */
		1820588E25411683004DD32B /* PBXContainerItemProxy */ = {
			isa = PBXContainerItemProxy;
			containerPortal = 1820587425411682004DD32B /* Project object */;
			proxyType = 1;
			remoteGlobalIDString = 1820587B25411682004DD32B;
			remoteInfo = MyPlayground;
		};
		1820589925411683004DD32B /* PBXContainerItemProxy */ = {
			isa = PBXContainerItemProxy;
			containerPortal = 1820587425411682004DD32B /* Project object */;
			proxyType = 1;
			remoteGlobalIDString = 1820587B25411682004DD32B;
			remoteInfo = MyPlayground;
		};
/* End PBXContainerItemProxy section */

/* Begin PBXFileReference section */
		1820587C25411682004DD32B /* MyPlayground.app */ = {isa = PBXFileReference; explicitFileType = wrapper.application; includeInIndex = 0; path = MyPlayground.app; sourceTree = BUILT_PRODUCTS_DIR; };
		1820587F25411682004DD32B /* MyPlaygroundApp.swift */ = {isa = PBXFileReference; lastKnownFileType = sourcecode.swift; path = MyPlaygroundApp.swift; sourceTree = "<group>"; };
		1820588125411682004DD32B /* ContentView.swift */ = {isa = PBXFileReference; lastKnownFileType = sourcecode.swift; path = ContentView.swift; sourceTree = "<group>"; };
		1820588325411683004DD32B /* Assets.xcassets */ = {isa = PBXFileReference; lastKnownFileType = folder.assetcatalog; path = Assets.xcassets; sourceTree = "<group>"; };
		1820588625411683004DD32B /* Preview Assets.xcassets */ = {isa = PBXFileReference; lastKnownFileType = folder.assetcatalog; path = "Preview Assets.xcassets"; sourceTree = "<group>"; };
		1820588825411683004DD32B /* Info.plist */ = {isa = PBXFileReference; lastKnownFileType = text.plist.xml; path = Info.plist; sourceTree = "<group>"; };
		1820588D25411683004DD32B /* MyPlaygroundTests.xctest */ = {isa = PBXFileReference; explicitFileType = wrapper.cfbundle; includeInIndex = 0; path = MyPlaygroundTests.xctest; sourceTree = BUILT_PRODUCTS_DIR; };
		1820589125411683004DD32B /* MyPlaygroundTests.swift */ = {isa = PBXFileReference; lastKnownFileType = sourcecode.swift; path = MyPlaygroundTests.swift; sourceTree = "<group>"; };
		1820589325411683004DD32B /* Info.plist */ = {isa = PBXFileReference; lastKnownFileType = text.plist.xml; path = Info.plist; sourceTree = "<group>"; };
		1820589825411683004DD32B /* MyPlaygroundUITests.xctest */ = {isa = PBXFileReference; explicitFileType = wrapper.cfbundle; includeInIndex = 0; path = MyPlaygroundUITests.xctest; sourceTree = BUILT_PRODUCTS_DIR; };
		1820589C25411683004DD32B /* MyPlaygroundUITests.swift */ = {isa = PBXFileReference; lastKnownFileType = sourcecode.swift; path = MyPlaygroundUITests.swift; sourceTree = "<group>"; };
		1820589E25411683004DD32B /* Info.plist */ = {isa = PBXFileReference; lastKnownFileType = text.plist.xml; path = Info.plist; sourceTree = "<group>"; };
/* End PBXFileReference section */

/* Begin PBXFrameworksBuildPhase section */
		1820587925411682004DD32B /* Frameworks */ = {
			isa = PBXFrameworksBuildPhase;
			buildActionMask = 2147483647;
			files = (
			);
			runOnlyForDeploymentPostprocessing = 0;
		};
		1820588A25411683004DD32B /* Frameworks */ = {
			isa = PBXFrameworksBuildPhase;
			buildActionMask = 2147483647;
			files = (
			);
			runOnlyForDeploymentPostprocessing = 0;
		};
		1820589525411683004DD32B /* Frameworks */ = {
			isa = PBXFrameworksBuildPhase;
			buildActionMask = 2147483647;
			files = (
			);
			runOnlyForDeploymentPostprocessing = 0;
		};
/* End PBXFrameworksBuildPhase section */

/* Begin PBXGroup section */
		1820587325411682004DD32B = {
			isa = PBXGroup;
			children = (
				1820587E25411682004DD32B /* MyPlayground */,
				1820589025411683004DD32B /* MyPlaygroundTests */,
				1820589B25411683004DD32B /* MyPlaygroundUITests */,
				1820587D25411682004DD32B /* Products */,
			);
			sourceTree = "<group>";
		};
		1820587D25411682004DD32B /* Products */ = {
			isa = PBXGroup;
			children = (
				1820587C25411682004DD32B /* MyPlayground.app */,
				1820588D25411683004DD32B /* MyPlaygroundTests.xctest */,
				1820589825411683004DD32B /* MyPlaygroundUITests.xctest */,
			);
			name = Products;
			sourceTree = "<group>";
		};
		1820587E25411682004DD32B /* MyPlayground */ = {
			isa = PBXGroup;
			children = (
				1820587F25411682004DD32B /* MyPlaygroundApp.swift */,
				1820588125411682004DD32B /* ContentView.swift */,
				1820588325411683004DD32B /* Assets.xcassets */,
				1820588825411683004DD32B /* Info.plist */,
				1820588525411683004DD32B /* Preview Content */,
			);
			path = MyPlayground;
			sourceTree = "<group>";
		};
		1820588525411683004DD32B /* Preview Content */ = {
			isa = PBXGroup;
			children = (
				1820588625411683004DD32B /* Preview Assets.xcassets */,
			);
			path = "Preview Content";
			sourceTree = "<group>";
		};
		1820589025411683004DD32B /* MyPlaygroundTests */ = {
			isa = PBXGroup;
			children = (
				1820589125411683004DD32B /* MyPlaygroundTests.swift */,
				1820589325411683004DD32B /* Info.plist */,
			);
			path = MyPlaygroundTests;
			sourceTree = "<group>";
		};
		1820589B25411683004DD32B /* MyPlaygroundUITests */ = {
			isa = PBXGroup;
			children = (
				1820589C25411683004DD32B /* MyPlaygroundUITests.swift */,
				1820589E25411683004DD32B /* Info.plist */,
			);
			path = MyPlaygroundUITests;
			sourceTree = "<group>";
		};
/* End PBXGroup section */

/* Begin PBXNativeTarget section */
		1820587B25411682004DD32B /* MyPlayground */ = {
			isa = PBXNativeTarget;
			buildConfigurationList = 182058A125411683004DD32B /* Build configuration list for PBXNativeTarget "MyPlayground" */;
			buildPhases = (
				1820587825411682004DD32B /* Sources */,
				1820587925411682004DD32B /* Frameworks */,
				1820587A25411682004DD32B /* Resources */,
			);
			buildRules = (
			);
			dependencies = (
			);
			name = MyPlayground;
			productName = MyPlayground;
			productReference = 1820587C25411682004DD32B /* MyPlayground.app */;
			productType = "com.apple.product-type.application";
		};
		1820588C25411683004DD32B /* MyPlaygroundTests */ = {
			isa = PBXNativeTarget;
			buildConfigurationList = 182058A425411683004DD32B /* Build configuration list for PBXNativeTarget "MyPlaygroundTests" */;
			buildPhases = (
				1820588925411683004DD32B /* Sources */,
				1820588A25411683004DD32B /* Frameworks */,
				1820588B25411683004DD32B /* Resources */,
			);
			buildRules = (
			);
			dependencies = (
				1820588F25411683004DD32B /* PBXTargetDependency */,
			);
			name = MyPlaygroundTests;
			productName = MyPlaygroundTests;
			productReference = 1820588D25411683004DD32B /* MyPlaygroundTests.xctest */;
			productType = "com.apple.product-type.bundle.unit-test";
		};
		1820589725411683004DD32B /* MyPlaygroundUITests */ = {
			isa = PBXNativeTarget;
			buildConfigurationList = 182058A725411683004DD32B /* Build configuration list for PBXNativeTarget "MyPlaygroundUITests" */;
			buildPhases = (
				1820589425411683004DD32B /* Sources */,
				1820589525411683004DD32B /* Frameworks */,
				1820589625411683004DD32B /* Resources */,
			);
			buildRules = (
			);
			dependencies = (
				1820589A25411683004DD32B /* PBXTargetDependency */,
			);
			name = MyPlaygroundUITests;
			productName = MyPlaygroundUITests;
			productReference = 1820589825411683004DD32B /* MyPlaygroundUITests.xctest */;
			productType = "com.apple.product-type.bundle.ui-testing";
		};
/* End PBXNativeTarget section */

/* Begin PBXProject section */
		1820587425411682004DD32B /* Project object */ = {
			isa = PBXProject;
			attributes = {
				LastSwiftUpdateCheck = 1210;
				LastUpgradeCheck = 1210;
				TargetAttributes = {
					1820587B25411682004DD32B = {
						CreatedOnToolsVersion = 12.1;
					};
					1820588C25411683004DD32B = {
						CreatedOnToolsVersion = 12.1;
						TestTargetID = 1820587B25411682004DD32B;
					};
					1820589725411683004DD32B = {
						CreatedOnToolsVersion = 12.1;
						TestTargetID = 1820587B25411682004DD32B;
					};
				};
			};
			buildConfigurationList = 1820587725411682004DD32B /* Build configuration list for PBXProject "MyPlayground" */;
			compatibilityVersion = "Xcode 9.3";
			developmentRegion = en;
			hasScannedForEncodings = 0;
			knownRegions = (
				en,
				Base,
			);
			mainGroup = 1820587325411682004DD32B;
			productRefGroup = 1820587D25411682004DD32B /* Products */;
			projectDirPath = "";
			projectRoot = "";
			targets = (
				1820587B25411682004DD32B /* MyPlayground */,
				1820588C25411683004DD32B /* MyPlaygroundTests */,
				1820589725411683004DD32B /* MyPlaygroundUITests */,
			);
		};
/* End PBXProject section */

/* Begin PBXResourcesBuildPhase section */
		1820587A25411682004DD32B /* Resources */ = {
			isa = PBXResourcesBuildPhase;
			buildActionMask = 2147483647;
			files = (
				1820588725411683004DD32B /* Preview Assets.xcassets in Resources */,
				1820588425411683004DD32B /* Assets.xcassets in Resources */,
			);
			runOnlyForDeploymentPostprocessing = 0;
		};
		1820588B25411683004DD32B /* Resources */ = {
			isa = PBXResourcesBuildPhase;
			buildActionMask = 2147483647;
			files = (
			);
			runOnlyForDeploymentPostprocessing = 0;
		};
		1820589625411683004DD32B /* Resources */ = {
			isa = PBXResourcesBuildPhase;
			buildActionMask = 2147483647;
			files = (
			);
			runOnlyForDeploymentPostprocessing = 0;
		};
/* End PBXResourcesBuildPhase section */

/* Begin PBXSourcesBuildPhase section */
		1820587825411682004DD32B /* Sources */ = {
			isa = PBXSourcesBuildPhase;
			buildActionMask = 2147483647;
			files = (
				1820588225411682004DD32B /* ContentView.swift in Sources */,
				1820588025411682004DD32B /* MyPlaygroundApp.swift in Sources */,
			);
			runOnlyForDeploymentPostprocessing = 0;
		};
		1820588925411683004DD32B /* Sources */ = {
			isa = PBXSourcesBuildPhase;
			buildActionMask = 2147483647;
			files = (
				1820589225411683004DD32B /* MyPlaygroundTests.swift in Sources */,
			);
			runOnlyForDeploymentPostprocessing = 0;
		};
		1820589425411683004DD32B /* Sources */ = {
			isa = PBXSourcesBuildPhase;
			buildActionMask = 2147483647;
			files = (
				1820589D25411683004DD32B /* MyPlaygroundUITests.swift in Sources */,
			);
			runOnlyForDeploymentPostprocessing = 0;
		};
/* End PBXSourcesBuildPhase section */

/* Begin PBXTargetDependency section */
		1820588F25411683004DD32B /* PBXTargetDependency */ = {
			isa = PBXTargetDependency;
			target = 1820587B25411682004DD32B /* MyPlayground */;
			targetProxy = 1820588E25411683004DD32B /* PBXContainerItemProxy */;
		};
		1820589A25411683004DD32B /* PBXTargetDependency */ = {
			isa = PBXTargetDependency;
			target = 1820587B25411682004DD32B /* MyPlayground */;
			targetProxy = 1820589925411683004DD32B /* PBXContainerItemProxy */;
		};
/* End PBXTargetDependency section */

/* Begin XCBuildConfiguration section */
		1820589F25411683004DD32B /* Debug */ = {
			isa = XCBuildConfiguration;
			buildSettings = {
				ALWAYS_SEARCH_USER_PATHS = NO;
				CLANG_ANALYZER_NONNULL = YES;
				CLANG_ANALYZER_NUMBER_OBJECT_CONVERSION = YES_AGGRESSIVE;
				CLANG_CXX_LANGUAGE_STANDARD = "gnu++14";
				CLANG_CXX_LIBRARY = "libc++";
				CLANG_ENABLE_MODULES = YES;
				CLANG_ENABLE_OBJC_ARC = YES;
				CLANG_ENABLE_OBJC_WEAK = YES;
				CLANG_WARN_BLOCK_CAPTURE_AUTORELEASING = YES;
				CLANG_WARN_BOOL_CONVERSION = YES;
				CLANG_WARN_COMMA = YES;
				CLANG_WARN_CONSTANT_CONVERSION = YES;
				CLANG_WARN_DEPRECATED_OBJC_IMPLEMENTATIONS = YES;
				CLANG_WARN_DIRECT_OBJC_ISA_USAGE = YES_ERROR;
				CLANG_WARN_DOCUMENTATION_COMMENTS = YES;
				CLANG_WARN_EMPTY_BODY = YES;
				CLANG_WARN_ENUM_CONVERSION = YES;
				CLANG_WARN_INFINITE_RECURSION = YES;
				CLANG_WARN_INT_CONVERSION = YES;
				CLANG_WARN_NON_LITERAL_NULL_CONVERSION = YES;
				CLANG_WARN_OBJC_IMPLICIT_RETAIN_SELF = YES;
				CLANG_WARN_OBJC_LITERAL_CONVERSION = YES;
				CLANG_WARN_OBJC_ROOT_CLASS = YES_ERROR;
				CLANG_WARN_QUOTED_INCLUDE_IN_FRAMEWORK_HEADER = YES;
				CLANG_WARN_RANGE_LOOP_ANALYSIS = YES;
				CLANG_WARN_STRICT_PROTOTYPES = YES;
				CLANG_WARN_SUSPICIOUS_MOVE = YES;
				CLANG_WARN_UNGUARDED_AVAILABILITY = YES_AGGRESSIVE;
				CLANG_WARN_UNREACHABLE_CODE = YES;
				CLANG_WARN__DUPLICATE_METHOD_MATCH = YES;
				COPY_PHASE_STRIP = NO;
				DEBUG_INFORMATION_FORMAT = dwarf;
				ENABLE_STRICT_OBJC_MSGSEND = YES;
				ENABLE_TESTABILITY = YES;
				GCC_C_LANGUAGE_STANDARD = gnu11;
				GCC_DYNAMIC_NO_PIC = NO;
				GCC_NO_COMMON_BLOCKS = YES;
				GCC_OPTIMIZATION_LEVEL = 0;
				GCC_PREPROCESSOR_DEFINITIONS = (
					"DEBUG=1",
					"$(inherited)",
				);
				GCC_WARN_64_TO_32_BIT_CONVERSION = YES;
				GCC_WARN_ABOUT_RETURN_TYPE = YES_ERROR;
				GCC_WARN_UNDECLARED_SELECTOR = YES;
				GCC_WARN_UNINITIALIZED_AUTOS = YES_AGGRESSIVE;
				GCC_WARN_UNUSED_FUNCTION = YES;
				GCC_WARN_UNUSED_VARIABLE = YES;
				IPHONEOS_DEPLOYMENT_TARGET = 14.1;
				MTL_ENABLE_DEBUG_INFO = INCLUDE_SOURCE;
				MTL_FAST_MATH = YES;
				ONLY_ACTIVE_ARCH = YES;
				SDKROOT = iphoneos;
				SWIFT_ACTIVE_COMPILATION_CONDITIONS = DEBUG;
				SWIFT_OPTIMIZATION_LEVEL = "-Onone";
			};
			name = Debug;
		};
		182058A025411683004DD32B /* Release */ = {
			isa = XCBuildConfiguration;
			buildSettings = {
				ALWAYS_SEARCH_USER_PATHS = NO;
				CLANG_ANALYZER_NONNULL = YES;
				CLANG_ANALYZER_NUMBER_OBJECT_CONVERSION = YES_AGGRESSIVE;
				CLANG_CXX_LANGUAGE_STANDARD = "gnu++14";
				CLANG_CXX_LIBRARY = "libc++";
				CLANG_ENABLE_MODULES = YES;
				CLANG_ENABLE_OBJC_ARC = YES;
				CLANG_ENABLE_OBJC_WEAK = YES;
				CLANG_WARN_BLOCK_CAPTURE_AUTORELEASING = YES;
				CLANG_WARN_BOOL_CONVERSION = YES;
				CLANG_WARN_COMMA = YES;
				CLANG_WARN_CONSTANT_CONVERSION = YES;
				CLANG_WARN_DEPRECATED_OBJC_IMPLEMENTATIONS = YES;
				CLANG_WARN_DIRECT_OBJC_ISA_USAGE = YES_ERROR;
				CLANG_WARN_DOCUMENTATION_COMMENTS = YES;
				CLANG_WARN_EMPTY_BODY = YES;
				CLANG_WARN_ENUM_CONVERSION = YES;
				CLANG_WARN_INFINITE_RECURSION = YES;
				CLANG_WARN_INT_CONVERSION = YES;
				CLANG_WARN_NON_LITERAL_NULL_CONVERSION = YES;
				CLANG_WARN_OBJC_IMPLICIT_RETAIN_SELF = YES;
				CLANG_WARN_OBJC_LITERAL_CONVERSION = YES;
				CLANG_WARN_OBJC_ROOT_CLASS = YES_ERROR;
				CLANG_WARN_QUOTED_INCLUDE_IN_FRAMEWORK_HEADER = YES;
				CLANG_WARN_RANGE_LOOP_ANALYSIS = YES;
				CLANG_WARN_STRICT_PROTOTYPES = YES;
				CLANG_WARN_SUSPICIOUS_MOVE = YES;
				CLANG_WARN_UNGUARDED_AVAILABILITY = YES_AGGRESSIVE;
				CLANG_WARN_UNREACHABLE_CODE = YES;
				CLANG_WARN__DUPLICATE_METHOD_MATCH = YES;
				COPY_PHASE_STRIP = NO;
				DEBUG_INFORMATION_FORMAT = "dwarf-with-dsym";
				ENABLE_NS_ASSERTIONS = NO;
				ENABLE_STRICT_OBJC_MSGSEND = YES;
				GCC_C_LANGUAGE_STANDARD = gnu11;
				GCC_NO_COMMON_BLOCKS = YES;
				GCC_WARN_64_TO_32_BIT_CONVERSION = YES;
				GCC_WARN_ABOUT_RETURN_TYPE = YES_ERROR;
				GCC_WARN_UNDECLARED_SELECTOR = YES;
				GCC_WARN_UNINITIALIZED_AUTOS = YES_AGGRESSIVE;
				GCC_WARN_UNUSED_FUNCTION = YES;
				GCC_WARN_UNUSED_VARIABLE = YES;
				IPHONEOS_DEPLOYMENT_TARGET = 14.1;
				MTL_ENABLE_DEBUG_INFO = NO;
				MTL_FAST_MATH = YES;
				SDKROOT = iphoneos;
				SWIFT_COMPILATION_MODE = wholemodule;
				SWIFT_OPTIMIZATION_LEVEL = "-O";
				VALIDATE_PRODUCT = YES;
			};
			name = Release;
		};
		182058A225411683004DD32B /* Debug */ = {
			isa = XCBuildConfiguration;
			buildSettings = {
				ASSETCATALOG_COMPILER_APPICON_NAME = AppIcon;
				ASSETCATALOG_COMPILER_GLOBAL_ACCENT_COLOR_NAME = AccentColor;
				CODE_SIGN_STYLE = Automatic;
				DEVELOPMENT_ASSET_PATHS = "\"MyPlayground/Preview Content\"";
				ENABLE_PREVIEWS = YES;
				INFOPLIST_FILE = MyPlayground/Info.plist;
				IPHONEOS_DEPLOYMENT_TARGET = 14.0;
				LD_RUNPATH_SEARCH_PATHS = (
					"$(inherited)",
					"@executable_path/Frameworks",
				);
				PRODUCT_BUNDLE_IDENTIFIER = quansheng.MyPlayground;
				PRODUCT_NAME = "$(TARGET_NAME)";
				SWIFT_VERSION = 5.0;
				TARGETED_DEVICE_FAMILY = "1,2";
			};
			name = Debug;
		};
		182058A325411683004DD32B /* Release */ = {
			isa = XCBuildConfiguration;
			buildSettings = {
				ASSETCATALOG_COMPILER_APPICON_NAME = AppIcon;
				ASSETCATALOG_COMPILER_GLOBAL_ACCENT_COLOR_NAME = AccentColor;
				CODE_SIGN_STYLE = Automatic;
				DEVELOPMENT_ASSET_PATHS = "\"MyPlayground/Preview Content\"";
				ENABLE_PREVIEWS = YES;
				INFOPLIST_FILE = MyPlayground/Info.plist;
				IPHONEOS_DEPLOYMENT_TARGET = 14.0;
				LD_RUNPATH_SEARCH_PATHS = (
					"$(inherited)",
					"@executable_path/Frameworks",
				);
				PRODUCT_BUNDLE_IDENTIFIER = quansheng.MyPlayground;
				PRODUCT_NAME = "$(TARGET_NAME)";
				SWIFT_VERSION = 5.0;
				TARGETED_DEVICE_FAMILY = "1,2";
			};
			name = Release;
		};
		182058A525411683004DD32B /* Debug */ = {
			isa = XCBuildConfiguration;
			buildSettings = {
				ALWAYS_EMBED_SWIFT_STANDARD_LIBRARIES = YES;
				BUNDLE_LOADER = "$(TEST_HOST)";
				CODE_SIGN_STYLE = Automatic;
				INFOPLIST_FILE = MyPlaygroundTests/Info.plist;
				IPHONEOS_DEPLOYMENT_TARGET = 14.0;
				LD_RUNPATH_SEARCH_PATHS = (
					"$(inherited)",
					"@executable_path/Frameworks",
					"@loader_path/Frameworks",
				);
				PRODUCT_BUNDLE_IDENTIFIER = quansheng.MyPlaygroundTests;
				PRODUCT_NAME = "$(TARGET_NAME)";
				SWIFT_VERSION = 5.0;
				TARGETED_DEVICE_FAMILY = "1,2";
				TEST_HOST = "$(BUILT_PRODUCTS_DIR)/MyPlayground.app/MyPlayground";
			};
			name = Debug;
		};
		182058A625411683004DD32B /* Release */ = {
			isa = XCBuildConfiguration;
			buildSettings = {
				ALWAYS_EMBED_SWIFT_STANDARD_LIBRARIES = YES;
				BUNDLE_LOADER = "$(TEST_HOST)";
				CODE_SIGN_STYLE = Automatic;
				INFOPLIST_FILE = MyPlaygroundTests/Info.plist;
				IPHONEOS_DEPLOYMENT_TARGET = 14.0;
				LD_RUNPATH_SEARCH_PATHS = (
					"$(inherited)",
					"@executable_path/Frameworks",
					"@loader_path/Frameworks",
				);
				PRODUCT_BUNDLE_IDENTIFIER = quansheng.MyPlaygroundTests;
				PRODUCT_NAME = "$(TARGET_NAME)";
				SWIFT_VERSION = 5.0;
				TARGETED_DEVICE_FAMILY = "1,2";
				TEST_HOST = "$(BUILT_PRODUCTS_DIR)/MyPlayground.app/MyPlayground";
			};
			name = Release;
		};
		182058A825411683004DD32B /* Debug */ = {
			isa = XCBuildConfiguration;
			buildSettings = {
				ALWAYS_EMBED_SWIFT_STANDARD_LIBRARIES = YES;
				CODE_SIGN_STYLE = Automatic;
				INFOPLIST_FILE = MyPlaygroundUITests/Info.plist;
				LD_RUNPATH_SEARCH_PATHS = (
					"$(inherited)",
					"@executable_path/Frameworks",
					"@loader_path/Frameworks",
				);
				PRODUCT_BUNDLE_IDENTIFIER = quansheng.MyPlaygroundUITests;
				PRODUCT_NAME = "$(TARGET_NAME)";
				SWIFT_VERSION = 5.0;
				TARGETED_DEVICE_FAMILY = "1,2";
				TEST_TARGET_NAME = MyPlayground;
			};
			name = Debug;
		};
		182058A925411683004DD32B /* Release */ = {
			isa = XCBuildConfiguration;
			buildSettings = {
				ALWAYS_EMBED_SWIFT_STANDARD_LIBRARIES = YES;
				CODE_SIGN_STYLE = Automatic;
				INFOPLIST_FILE = MyPlaygroundUITests/Info.plist;
				LD_RUNPATH_SEARCH_PATHS = (
					"$(inherited)",
					"@executable_path/Frameworks",
					"@loader_path/Frameworks",
				);
				PRODUCT_BUNDLE_IDENTIFIER = quansheng.MyPlaygroundUITests;
				PRODUCT_NAME = "$(TARGET_NAME)";
				SWIFT_VERSION = 5.0;
				TARGETED_DEVICE_FAMILY = "1,2";
				TEST_TARGET_NAME = MyPlayground;
			};
			name = Release;
		};
/* End XCBuildConfiguration section */

/* Begin XCConfigurationList section */
		1820587725411682004DD32B /* Build configuration list for PBXProject "MyPlayground" */ = {
			isa = XCConfigurationList;
			buildConfigurations = (
				1820589F25411683004DD32B /* Debug */,
				182058A025411683004DD32B /* Release */,
			);
			defaultConfigurationIsVisible = 0;
			defaultConfigurationName = Release;
		};
		182058A125411683004DD32B /* Build configuration list for PBXNativeTarget "MyPlayground" */ = {
			isa = XCConfigurationList;
			buildConfigurations = (
				182058A225411683004DD32B /* Debug */,
				182058A325411683004DD32B /* Release */,
			);
			defaultConfigurationIsVisible = 0;
			defaultConfigurationName = Release;
		};
		182058A425411683004DD32B /* Build configuration list for PBXNativeTarget "MyPlaygroundTests" */ = {
			isa = XCConfigurationList;
			buildConfigurations = (
				182058A525411683004DD32B /* Debug */,
				182058A625411683004DD32B /* Release */,
			);
			defaultConfigurationIsVisible = 0;
			defaultConfigurationName = Release;
		};
		182058A725411683004DD32B /* Build configuration list for PBXNativeTarget "MyPlaygroundUITests" */ = {
			isa = XCConfigurationList;
			buildConfigurations = (
				182058A825411683004DD32B /* Debug */,
				182058A925411683004DD32B /* Release */,
			);
			defaultConfigurationIsVisible = 0;
			defaultConfigurationName = Release;
		};
/* End XCConfigurationList section */
	};
	rootObject = 1820587425411682004DD32B /* Project object */;
}
