// !$*UTF8*$!
{
	archiveVersion = 1;
	classes = {
	};
	objectVersion = 50;
	objects = {

/* Begin PBXBuildFile section */
		18919F2225838BD700B1597E /* AppDelegate.swift in Sources */ = {isa = PBXBuildFile; fileRef = 18919F2125838BD700B1597E /* AppDelegate.swift */; };
		18919F2425838BD700B1597E /* SceneDelegate.swift in Sources */ = {isa = PBXBuildFile; fileRef = 18919F2325838BD700B1597E /* SceneDelegate.swift */; };
		18919F2625838BD700B1597E /* ViewController.swift in Sources */ = {isa = PBXBuildFile; fileRef = 18919F2525838BD700B1597E /* ViewController.swift */; };
		18919F2925838BD700B1597E /* Main.storyboard in Resources */ = {isa = PBXBuildFile; fileRef = 18919F2725838BD700B1597E /* Main.storyboard */; };
		18919F2C25838BD700B1597E /* Revision2.xcdatamodeld in Sources */ = {isa = PBXBuildFile; fileRef = 18919F2A25838BD700B1597E /* Revision2.xcdatamodeld */; };
		18919F2E25838BD900B1597E /* Assets.xcassets in Resources */ = {isa = PBXBuildFile; fileRef = 18919F2D25838BD900B1597E /* Assets.xcassets */; };
		18919F3125838BD900B1597E /* LaunchScreen.storyboard in Resources */ = {isa = PBXBuildFile; fileRef = 18919F2F25838BD900B1597E /* LaunchScreen.storyboard */; };
		18919F3A25838C2500B1597E /* UserController.swift in Sources */ = {isa = PBXBuildFile; fileRef = 18919F3925838C2500B1597E /* UserController.swift */; };
		18919F3D25838C7D00B1597E /* User.swift in Sources */ = {isa = PBXBuildFile; fileRef = 18919F3C25838C7D00B1597E /* User.swift */; };
		18919F4025838C8900B1597E /* Transaction.swift in Sources */ = {isa = PBXBuildFile; fileRef = 18919F3F25838C8900B1597E /* Transaction.swift */; };
		18919F4325838F0100B1597E /* WalletViewController.swift in Sources */ = {isa = PBXBuildFile; fileRef = 18919F4225838F0100B1597E /* WalletViewController.swift */; };
		18919F46258391AB00B1597E /* LoginViewController.swift in Sources */ = {isa = PBXBuildFile; fileRef = 18919F45258391AB00B1597E /* LoginViewController.swift */; };
		18919F4925839AE900B1597E /* PayeeViewController.swift in Sources */ = {isa = PBXBuildFile; fileRef = 18919F4825839AE900B1597E /* PayeeViewController.swift */; };
		18919F4C2583AFEB00B1597E /* HistoryTableViewController.swift in Sources */ = {isa = PBXBuildFile; fileRef = 18919F4B2583AFEB00B1597E /* HistoryTableViewController.swift */; };
/* End PBXBuildFile section */

/* Begin PBXFileReference section */
		18919F1E25838BD700B1597E /* Revision2.app */ = {isa = PBXFileReference; explicitFileType = wrapper.application; includeInIndex = 0; path = Revision2.app; sourceTree = BUILT_PRODUCTS_DIR; };
		18919F2125838BD700B1597E /* AppDelegate.swift */ = {isa = PBXFileReference; lastKnownFileType = sourcecode.swift; path = AppDelegate.swift; sourceTree = "<group>"; };
		18919F2325838BD700B1597E /* SceneDelegate.swift */ = {isa = PBXFileReference; lastKnownFileType = sourcecode.swift; path = SceneDelegate.swift; sourceTree = "<group>"; };
		18919F2525838BD700B1597E /* ViewController.swift */ = {isa = PBXFileReference; lastKnownFileType = sourcecode.swift; path = ViewController.swift; sourceTree = "<group>"; };
		18919F2825838BD700B1597E /* Base */ = {isa = PBXFileReference; lastKnownFileType = file.storyboard; name = Base; path = Base.lproj/Main.storyboard; sourceTree = "<group>"; };
		18919F2B25838BD700B1597E /* Revision2.xcdatamodel */ = {isa = PBXFileReference; lastKnownFileType = wrapper.xcdatamodel; path = Revision2.xcdatamodel; sourceTree = "<group>"; };
		18919F2D25838BD900B1597E /* Assets.xcassets */ = {isa = PBXFileReference; lastKnownFileType = folder.assetcatalog; path = Assets.xcassets; sourceTree = "<group>"; };
		18919F3025838BD900B1597E /* Base */ = {isa = PBXFileReference; lastKnownFileType = file.storyboard; name = Base; path = Base.lproj/LaunchScreen.storyboard; sourceTree = "<group>"; };
		18919F3225838BD900B1597E /* Info.plist */ = {isa = PBXFileReference; lastKnownFileType = text.plist.xml; path = Info.plist; sourceTree = "<group>"; };
		18919F3925838C2500B1597E /* UserController.swift */ = {isa = PBXFileReference; lastKnownFileType = sourcecode.swift; path = UserController.swift; sourceTree = "<group>"; };
		18919F3C25838C7D00B1597E /* User.swift */ = {isa = PBXFileReference; lastKnownFileType = sourcecode.swift; path = User.swift; sourceTree = "<group>"; };
		18919F3F25838C8900B1597E /* Transaction.swift */ = {isa = PBXFileReference; lastKnownFileType = sourcecode.swift; path = Transaction.swift; sourceTree = "<group>"; };
		18919F4225838F0100B1597E /* WalletViewController.swift */ = {isa = PBXFileReference; lastKnownFileType = sourcecode.swift; path = WalletViewController.swift; sourceTree = "<group>"; };
		18919F45258391AB00B1597E /* LoginViewController.swift */ = {isa = PBXFileReference; lastKnownFileType = sourcecode.swift; path = LoginViewController.swift; sourceTree = "<group>"; };
		18919F4825839AE900B1597E /* PayeeViewController.swift */ = {isa = PBXFileReference; lastKnownFileType = sourcecode.swift; path = PayeeViewController.swift; sourceTree = "<group>"; };
		18919F4B2583AFEB00B1597E /* HistoryTableViewController.swift */ = {isa = PBXFileReference; lastKnownFileType = sourcecode.swift; path = HistoryTableViewController.swift; sourceTree = "<group>"; };
/* End PBXFileReference section */

/* Begin PBXFrameworksBuildPhase section */
		18919F1B25838BD700B1597E /* Frameworks */ = {
			isa = PBXFrameworksBuildPhase;
			buildActionMask = 2147483647;
			files = (
			);
			runOnlyForDeploymentPostprocessing = 0;
		};
/* End PBXFrameworksBuildPhase section */

/* Begin PBXGroup section */
		18919F1525838BD700B1597E = {
			isa = PBXGroup;
			children = (
				18919F2025838BD700B1597E /* Revision2 */,
				18919F1F25838BD700B1597E /* Products */,
			);
			sourceTree = "<group>";
		};
		18919F1F25838BD700B1597E /* Products */ = {
			isa = PBXGroup;
			children = (
				18919F1E25838BD700B1597E /* Revision2.app */,
			);
			name = Products;
			sourceTree = "<group>";
		};
		18919F2025838BD700B1597E /* Revision2 */ = {
			isa = PBXGroup;
			children = (
				18919F2125838BD700B1597E /* AppDelegate.swift */,
				18919F2325838BD700B1597E /* SceneDelegate.swift */,
				18919F2525838BD700B1597E /* ViewController.swift */,
				18919F2725838BD700B1597E /* Main.storyboard */,
				18919F2D25838BD900B1597E /* Assets.xcassets */,
				18919F2F25838BD900B1597E /* LaunchScreen.storyboard */,
				18919F3225838BD900B1597E /* Info.plist */,
				18919F2A25838BD700B1597E /* Revision2.xcdatamodeld */,
				18919F3925838C2500B1597E /* UserController.swift */,
				18919F3C25838C7D00B1597E /* User.swift */,
				18919F3F25838C8900B1597E /* Transaction.swift */,
				18919F4225838F0100B1597E /* WalletViewController.swift */,
				18919F45258391AB00B1597E /* LoginViewController.swift */,
				18919F4825839AE900B1597E /* PayeeViewController.swift */,
				18919F4B2583AFEB00B1597E /* HistoryTableViewController.swift */,
			);
			path = Revision2;
			sourceTree = "<group>";
		};
/* End PBXGroup section */

/* Begin PBXNativeTarget section */
		18919F1D25838BD700B1597E /* Revision2 */ = {
			isa = PBXNativeTarget;
			buildConfigurationList = 18919F3525838BD900B1597E /* Build configuration list for PBXNativeTarget "Revision2" */;
			buildPhases = (
				18919F1A25838BD700B1597E /* Sources */,
				18919F1B25838BD700B1597E /* Frameworks */,
				18919F1C25838BD700B1597E /* Resources */,
			);
			buildRules = (
			);
			dependencies = (
			);
			name = Revision2;
			productName = Revision2;
			productReference = 18919F1E25838BD700B1597E /* Revision2.app */;
			productType = "com.apple.product-type.application";
		};
/* End PBXNativeTarget section */

/* Begin PBXProject section */
		18919F1625838BD700B1597E /* Project object */ = {
			isa = PBXProject;
			attributes = {
				LastSwiftUpdateCheck = 1210;
				LastUpgradeCheck = 1210;
				TargetAttributes = {
					18919F1D25838BD700B1597E = {
						CreatedOnToolsVersion = 12.1;
					};
				};
			};
			buildConfigurationList = 18919F1925838BD700B1597E /* Build configuration list for PBXProject "Revision2" */;
			compatibilityVersion = "Xcode 9.3";
			developmentRegion = en;
			hasScannedForEncodings = 0;
			knownRegions = (
				en,
				Base,
			);
			mainGroup = 18919F1525838BD700B1597E;
			productRefGroup = 18919F1F25838BD700B1597E /* Products */;
			projectDirPath = "";
			projectRoot = "";
			targets = (
				18919F1D25838BD700B1597E /* Revision2 */,
			);
		};
/* End PBXProject section */

/* Begin PBXResourcesBuildPhase section */
		18919F1C25838BD700B1597E /* Resources */ = {
			isa = PBXResourcesBuildPhase;
			buildActionMask = 2147483647;
			files = (
				18919F3125838BD900B1597E /* LaunchScreen.storyboard in Resources */,
				18919F2E25838BD900B1597E /* Assets.xcassets in Resources */,
				18919F2925838BD700B1597E /* Main.storyboard in Resources */,
			);
			runOnlyForDeploymentPostprocessing = 0;
		};
/* End PBXResourcesBuildPhase section */

/* Begin PBXSourcesBuildPhase section */
		18919F1A25838BD700B1597E /* Sources */ = {
			isa = PBXSourcesBuildPhase;
			buildActionMask = 2147483647;
			files = (
				18919F46258391AB00B1597E /* LoginViewController.swift in Sources */,
				18919F4025838C8900B1597E /* Transaction.swift in Sources */,
				18919F2625838BD700B1597E /* ViewController.swift in Sources */,
				18919F4925839AE900B1597E /* PayeeViewController.swift in Sources */,
				18919F2225838BD700B1597E /* AppDelegate.swift in Sources */,
				18919F3D25838C7D00B1597E /* User.swift in Sources */,
				18919F3A25838C2500B1597E /* UserController.swift in Sources */,
				18919F4325838F0100B1597E /* WalletViewController.swift in Sources */,
				18919F4C2583AFEB00B1597E /* HistoryTableViewController.swift in Sources */,
				18919F2425838BD700B1597E /* SceneDelegate.swift in Sources */,
				18919F2C25838BD700B1597E /* Revision2.xcdatamodeld in Sources */,
			);
			runOnlyForDeploymentPostprocessing = 0;
		};
/* End PBXSourcesBuildPhase section */

/* Begin PBXVariantGroup section */
		18919F2725838BD700B1597E /* Main.storyboard */ = {
			isa = PBXVariantGroup;
			children = (
				18919F2825838BD700B1597E /* Base */,
			);
			name = Main.storyboard;
			sourceTree = "<group>";
		};
		18919F2F25838BD900B1597E /* LaunchScreen.storyboard */ = {
			isa = PBXVariantGroup;
			children = (
				18919F3025838BD900B1597E /* Base */,
			);
			name = LaunchScreen.storyboard;
			sourceTree = "<group>";
		};
/* End PBXVariantGroup section */

/* Begin XCBuildConfiguration section */
		18919F3325838BD900B1597E /* Debug */ = {
			isa = XCBuildConfiguration;
			buildSettings = {
				ALWAYS_SEARCH_USER_PATHS = NO;
				CLANG_ANALYZER_NONNULL = YES;
				CLANG_ANALYZER_NUMBER_OBJECT_CONVERSION = YES_AGGRESSIVE;
				CLANG_CXX_LANGUAGE_STANDARD = "gnu++14";
				CLANG_CXX_LIBRARY = "libc++";
				CLANG_ENABLE_MODULES = YES;
				CLANG_ENABLE_OBJC_ARC = YES;
				CLANG_ENABLE_OBJC_WEAK = YES;
				CLANG_WARN_BLOCK_CAPTURE_AUTORELEASING = YES;
				CLANG_WARN_BOOL_CONVERSION = YES;
				CLANG_WARN_COMMA = YES;
				CLANG_WARN_CONSTANT_CONVERSION = YES;
				CLANG_WARN_DEPRECATED_OBJC_IMPLEMENTATIONS = YES;
				CLANG_WARN_DIRECT_OBJC_ISA_USAGE = YES_ERROR;
				CLANG_WARN_DOCUMENTATION_COMMENTS = YES;
				CLANG_WARN_EMPTY_BODY = YES;
				CLANG_WARN_ENUM_CONVERSION = YES;
				CLANG_WARN_INFINITE_RECURSION = YES;
				CLANG_WARN_INT_CONVERSION = YES;
				CLANG_WARN_NON_LITERAL_NULL_CONVERSION = YES;
				CLANG_WARN_OBJC_IMPLICIT_RETAIN_SELF = YES;
				CLANG_WARN_OBJC_LITERAL_CONVERSION = YES;
				CLANG_WARN_OBJC_ROOT_CLASS = YES_ERROR;
				CLANG_WARN_QUOTED_INCLUDE_IN_FRAMEWORK_HEADER = YES;
				CLANG_WARN_RANGE_LOOP_ANALYSIS = YES;
				CLANG_WARN_STRICT_PROTOTYPES = YES;
				CLANG_WARN_SUSPICIOUS_MOVE = YES;
				CLANG_WARN_UNGUARDED_AVAILABILITY = YES_AGGRESSIVE;
				CLANG_WARN_UNREACHABLE_CODE = YES;
				CLANG_WARN__DUPLICATE_METHOD_MATCH = YES;
				COPY_PHASE_STRIP = NO;
				DEBUG_INFORMATION_FORMAT = dwarf;
				ENABLE_STRICT_OBJC_MSGSEND = YES;
				ENABLE_TESTABILITY = YES;
				GCC_C_LANGUAGE_STANDARD = gnu11;
				GCC_DYNAMIC_NO_PIC = NO;
				GCC_NO_COMMON_BLOCKS = YES;
				GCC_OPTIMIZATION_LEVEL = 0;
				GCC_PREPROCESSOR_DEFINITIONS = (
					"DEBUG=1",
					"$(inherited)",
				);
				GCC_WARN_64_TO_32_BIT_CONVERSION = YES;
				GCC_WARN_ABOUT_RETURN_TYPE = YES_ERROR;
				GCC_WARN_UNDECLARED_SELECTOR = YES;
				GCC_WARN_UNINITIALIZED_AUTOS = YES_AGGRESSIVE;
				GCC_WARN_UNUSED_FUNCTION = YES;
				GCC_WARN_UNUSED_VARIABLE = YES;
				IPHONEOS_DEPLOYMENT_TARGET = 14.1;
				MTL_ENABLE_DEBUG_INFO = INCLUDE_SOURCE;
				MTL_FAST_MATH = YES;
				ONLY_ACTIVE_ARCH = YES;
				SDKROOT = iphoneos;
				SWIFT_ACTIVE_COMPILATION_CONDITIONS = DEBUG;
				SWIFT_OPTIMIZATION_LEVEL = "-Onone";
			};
			name = Debug;
		};
		18919F3425838BD900B1597E /* Release */ = {
			isa = XCBuildConfiguration;
			buildSettings = {
				ALWAYS_SEARCH_USER_PATHS = NO;
				CLANG_ANALYZER_NONNULL = YES;
				CLANG_ANALYZER_NUMBER_OBJECT_CONVERSION = YES_AGGRESSIVE;
				CLANG_CXX_LANGUAGE_STANDARD = "gnu++14";
				CLANG_CXX_LIBRARY = "libc++";
				CLANG_ENABLE_MODULES = YES;
				CLANG_ENABLE_OBJC_ARC = YES;
				CLANG_ENABLE_OBJC_WEAK = YES;
				CLANG_WARN_BLOCK_CAPTURE_AUTORELEASING = YES;
				CLANG_WARN_BOOL_CONVERSION = YES;
				CLANG_WARN_COMMA = YES;
				CLANG_WARN_CONSTANT_CONVERSION = YES;
				CLANG_WARN_DEPRECATED_OBJC_IMPLEMENTATIONS = YES;
				CLANG_WARN_DIRECT_OBJC_ISA_USAGE = YES_ERROR;
				CLANG_WARN_DOCUMENTATION_COMMENTS = YES;
				CLANG_WARN_EMPTY_BODY = YES;
				CLANG_WARN_ENUM_CONVERSION = YES;
				CLANG_WARN_INFINITE_RECURSION = YES;
				CLANG_WARN_INT_CONVERSION = YES;
				CLANG_WARN_NON_LITERAL_NULL_CONVERSION = YES;
				CLANG_WARN_OBJC_IMPLICIT_RETAIN_SELF = YES;
				CLANG_WARN_OBJC_LITERAL_CONVERSION = YES;
				CLANG_WARN_OBJC_ROOT_CLASS = YES_ERROR;
				CLANG_WARN_QUOTED_INCLUDE_IN_FRAMEWORK_HEADER = YES;
				CLANG_WARN_RANGE_LOOP_ANALYSIS = YES;
				CLANG_WARN_STRICT_PROTOTYPES = YES;
				CLANG_WARN_SUSPICIOUS_MOVE = YES;
				CLANG_WARN_UNGUARDED_AVAILABILITY = YES_AGGRESSIVE;
				CLANG_WARN_UNREACHABLE_CODE = YES;
				CLANG_WARN__DUPLICATE_METHOD_MATCH = YES;
				COPY_PHASE_STRIP = NO;
				DEBUG_INFORMATION_FORMAT = "dwarf-with-dsym";
				ENABLE_NS_ASSERTIONS = NO;
				ENABLE_STRICT_OBJC_MSGSEND = YES;
				GCC_C_LANGUAGE_STANDARD = gnu11;
				GCC_NO_COMMON_BLOCKS = YES;
				GCC_WARN_64_TO_32_BIT_CONVERSION = YES;
				GCC_WARN_ABOUT_RETURN_TYPE = YES_ERROR;
				GCC_WARN_UNDECLARED_SELECTOR = YES;
				GCC_WARN_UNINITIALIZED_AUTOS = YES_AGGRESSIVE;
				GCC_WARN_UNUSED_FUNCTION = YES;
				GCC_WARN_UNUSED_VARIABLE = YES;
				IPHONEOS_DEPLOYMENT_TARGET = 14.1;
				MTL_ENABLE_DEBUG_INFO = NO;
				MTL_FAST_MATH = YES;
				SDKROOT = iphoneos;
				SWIFT_COMPILATION_MODE = wholemodule;
				SWIFT_OPTIMIZATION_LEVEL = "-O";
				VALIDATE_PRODUCT = YES;
			};
			name = Release;
		};
		18919F3625838BD900B1597E /* Debug */ = {
			isa = XCBuildConfiguration;
			buildSettings = {
				ASSETCATALOG_COMPILER_APPICON_NAME = AppIcon;
				ASSETCATALOG_COMPILER_GLOBAL_ACCENT_COLOR_NAME = AccentColor;
				CODE_SIGN_STYLE = Automatic;
				DEVELOPMENT_TEAM = 956353D6VP;
				INFOPLIST_FILE = Revision2/Info.plist;
				LD_RUNPATH_SEARCH_PATHS = (
					"$(inherited)",
					"@executable_path/Frameworks",
				);
				PRODUCT_BUNDLE_IDENTIFIER = quansheng.Revision2;
				PRODUCT_NAME = "$(TARGET_NAME)";
				SWIFT_VERSION = 5.0;
				TARGETED_DEVICE_FAMILY = "1,2";
			};
			name = Debug;
		};
		18919F3725838BD900B1597E /* Release */ = {
			isa = XCBuildConfiguration;
			buildSettings = {
				ASSETCATALOG_COMPILER_APPICON_NAME = AppIcon;
				ASSETCATALOG_COMPILER_GLOBAL_ACCENT_COLOR_NAME = AccentColor;
				CODE_SIGN_STYLE = Automatic;
				DEVELOPMENT_TEAM = 956353D6VP;
				INFOPLIST_FILE = Revision2/Info.plist;
				LD_RUNPATH_SEARCH_PATHS = (
					"$(inherited)",
					"@executable_path/Frameworks",
				);
				PRODUCT_BUNDLE_IDENTIFIER = quansheng.Revision2;
				PRODUCT_NAME = "$(TARGET_NAME)";
				SWIFT_VERSION = 5.0;
				TARGETED_DEVICE_FAMILY = "1,2";
			};
			name = Release;
		};
/* End XCBuildConfiguration section */

/* Begin XCConfigurationList section */
		18919F1925838BD700B1597E /* Build configuration list for PBXProject "Revision2" */ = {
			isa = XCConfigurationList;
			buildConfigurations = (
				18919F3325838BD900B1597E /* Debug */,
				18919F3425838BD900B1597E /* Release */,
			);
			defaultConfigurationIsVisible = 0;
			defaultConfigurationName = Release;
		};
		18919F3525838BD900B1597E /* Build configuration list for PBXNativeTarget "Revision2" */ = {
			isa = XCConfigurationList;
			buildConfigurations = (
				18919F3625838BD900B1597E /* Debug */,
				18919F3725838BD900B1597E /* Release */,
			);
			defaultConfigurationIsVisible = 0;
			defaultConfigurationName = Release;
		};
/* End XCConfigurationList section */

/* Begin XCVersionGroup section */
		18919F2A25838BD700B1597E /* Revision2.xcdatamodeld */ = {
			isa = XCVersionGroup;
			children = (
				18919F2B25838BD700B1597E /* Revision2.xcdatamodel */,
			);
			currentVersion = 18919F2B25838BD700B1597E /* Revision2.xcdatamodel */;
			path = Revision2.xcdatamodeld;
			sourceTree = "<group>";
			versionGroupType = wrapper.xcdatamodel;
		};
/* End XCVersionGroup section */
	};
	rootObject = 18919F1625838BD700B1597E /* Project object */;
}
